{
  "sources": {
    "apache2": {
      "locked_version": "1.8.4"
    },
    "apt": {
      "locked_version": "2.2.0"
    },
    "aws": {
      "locked_version": "0.101.6"
    },
    "build-essential": {
      "locked_version": "1.4.2"
    },
    "database": {
      "locked_version": "1.5.2"
    },
    "erlang": {
      "locked_version": "1.3.2"
    },
    "memcached": {
      "locked_version": "1.6.0"
    },
    "mysql": {
      "locked_version": "3.0.12"
    },
    "openssl": {
      "locked_version": "1.1.0"
    },
    "packages": {
      "locked_version": "0.1.0"
    },
    "postgresql": {
      "locked_version": "3.1.0"
    },
    "rabbitmq": {
      "locked_version": "2.3.0"
    },
    "xfs": {
      "locked_version": "1.1.0"
    },
    "yum": {
      "locked_version": "2.3.4"
    },
    "openstack-block-storage": {
      "locked_version": "7.2.2",
      "git": "https://github.com/stackforge/cookbook-openstack-block-storage.git",
      "ref": "38c8aa5c7a99c913b5969045038f2c82a582f098"
    },
    "openstack-common": {
      "locked_version": "0.4.7",
      "git": "https://github.com/stackforge/cookbook-openstack-common.git",
      "ref": "0eead56b697a288ed373947b2efd50f8b24daabb"
    },
    "openstack-compute": {
      "locked_version": "7.2.4",
      "git": "https://github.com/stackforge/cookbook-openstack-compute.git",
      "ref": "507bb4ce606087ff1781051cac72d1e9ba307960"
    },
    "openstack-dashboard": {
      "locked_version": "7.0.0",
      "git": "https://github.com/stackforge/cookbook-openstack-dashboard.git",
      "ref": "814fcd913dd476ac1362496811a8f156437295eb"
    },
    "openstack-identity": {
      "locked_version": "7.2.0",
      "git": "https://github.com/stackforge/cookbook-openstack-identity.git",
      "ref": "5d7b6e7c3c221a5cfc8bf36c5e4e92eee24762be"
    },
    "openstack-image": {
      "locked_version": "7.1.1",
      "git": "https://github.com/stackforge/cookbook-openstack-image.git",
      "ref": "46c86ac9f929613d3b1046a7be587329dbf22845"
    },
    "openstack-metering": {
      "locked_version": "7.1.1",
      "git": "https://github.com/stackforge/cookbook-openstack-metering.git",
      "ref": "6ab2050905dcffd11342e1799dc21fd8a77162a6"
    },
    "openstack-network": {
      "locked_version": "7.1.0",
      "git": "https://github.com/stackforge/cookbook-openstack-network.git",
      "ref": "e7cbfba908e357b3268e91efa8d9ab94b65bd786"
    },
    "openstack-object-storage": {
      "locked_version": "7.1.0",
      "git": "https://github.com/stackforge/cookbook-openstack-object-storage.git",
      "ref": "5fbaa943dbbecca0fc6128737a03c9d2b193806b"
    },
    "openstack-ops-database": {
      "locked_version": "7.0.0",
      "git": "https://github.com/stackforge/cookbook-openstack-ops-database.git",
      "ref": "95b18479e3929910c7636bf0a6986899928414b3"
    },
    "openstack-ops-messaging": {
      "locked_version": "7.1.0",
      "git": "https://github.com/stackforge/cookbook-openstack-ops-messaging.git",
      "ref": "3ff43e644f261afff9e8efba2e76d6c7cccd5552"
    },
    "chef-server": {
      "locked_version": "2.0.0"
    },
    "openstack-common-wrapper": {
      "locked_version": "0.1.0",
      "git": "https://github.com/cloudbau/cookbook-openstack-common-wrapper.git",
      "ref": "12d38c9dee6e80cecdb8e06589f4bde63e75e16f"
    },
    "openstack-compute-wrapper": {
      "locked_version": "0.1.0",
      "git": "https://github.com/cloudbau/cookbook-openstack-compute-wrapper.git",
      "ref": "46c672b25c0c5672ab2fd0df99150d4334ea4265"
    },
    "openstack-image-wrapper": {
      "locked_version": "0.1.0",
      "git": "https://github.com/cloudbau/cookbook-openstack-image-wrapper.git",
      "ref": "7da847e9805d9f987021aafc1073e1c47b7e04bd"
    },
    "openstack-dashboard-wrapper": {
      "locked_version": "0.1.0",
      "git": "https://github.com/cloudbau/cookbook-openstack-dashboard-wrapper.git",
      "ref": "4952e9f24033bb1a9eb6c0ef9ef72659f7abe99b"
    },
    "openstack-block-storage-wrapper": {
      "locked_version": "0.2.0",
      "git": "https://github.com/cloudbau/cookbook-openstack-block-storage-wrapper.git",
      "ref": "5a783aea01416f65af6cbda6173587e769ed052c"
    },
    "openstack-network-wrapper": {
      "locked_version": "0.2.0",
      "git": "https://github.com/cloudbau/cookbook-openstack-network-wrapper.git",
      "ref": "235260013abab111bc457902b72a40cd4cb028ba"
    },
    "runit": {
      "locked_version": "1.2.0"
    },
    "selinux": {
      "locked_version": "0.5.2"
    },
    "python": {
      "locked_version": "1.3.4"
    },
    "sysctl": {
      "locked_version": "0.3.5"
    },
    "statsd": {
      "locked_version": "0.0.1"
    },
    "git": {
      "locked_version": "2.3.0"
    },
    "dmg": {
      "locked_version": "1.1.0"
    },
    "windows": {
      "locked_version": "1.8.6"
    },
    "chef_handler": {
      "locked_version": "1.1.4"
    }
  }
}
